{
  "name": "geomodel",
  "version": "0.2.1",
  "lockfileVersion": 1,
  "requires": true,
  "dependencies": {
    "async": {
      "version": "0.1.15",
      "resolved": "https://registry.npmjs.org/async/-/async-0.1.15.tgz",
      "integrity": "sha1-IYDqyizypspSgNQcBYW+ybPkm9M=",
      "dev": true
    },
    "dequeue": {
      "version": "1.0.3",
      "resolved": "https://registry.npmjs.org/dequeue/-/dequeue-1.0.3.tgz",
      "integrity": "sha1-MLj02i/CQJUaFdMbNSg+KbLeiXg=",
      "dev": true
    },
    "lodash": {
      "version": "4.17.15",
      "resolved": "https://registry.npmjs.org/lodash/-/lodash-4.17.15.tgz",
      "integrity": "sha512-8xOcRHvCjnocdS5cpwXQXVzmmh5e5+saE2QGoeQmbKmRS6J3VQppPOIt0MnmE+4xlZoumy0GPG0D0MVIQbNA1A=="
    },
    "log4js": {
      "version": "0.5.8",
      "resolved": "https://registry.npmjs.org/log4js/-/log4js-0.5.8.tgz",
      "integrity": "sha1-UoiS4orYKnC5Y2Sxm64trbXrnOo=",
      "dev": true,
      "requires": {
        "async": "0.1.15",
        "dequeue": "1.0.3"
      }
    }
  }
}
