{
  "name": "geomodel",
  "version": "0.1.2",
  "lockfileVersion": 1,
  "requires": true,
  "dependencies": {
    "async": {
      "version": "0.1.15",
      "resolved": "https://registry.npmjs.org/async/-/async-0.1.15.tgz",
      "integrity": "sha1-IYDqyizypspSgNQcBYW+ybPkm9M=",
      "dev": true
    },
    "dequeue": {
      "version": "1.0.3",
      "resolved": "https://registry.npmjs.org/dequeue/-/dequeue-1.0.3.tgz",
      "integrity": "sha1-MLj02i/CQJUaFdMbNSg+KbLeiXg=",
      "dev": true
    },
    "log4js": {
      "version": "0.5.8",
      "resolved": "https://registry.npmjs.org/log4js/-/log4js-0.5.8.tgz",
      "integrity": "sha1-UoiS4orYKnC5Y2Sxm64trbXrnOo=",
      "dev": true,
      "requires": {
        "async": "0.1.15",
        "dequeue": "1.0.3"
      }
    },
    "underscore": {
      "version": "1.4.4",
      "resolved": "https://registry.npmjs.org/underscore/-/underscore-1.4.4.tgz",
      "integrity": "sha1-YaajIBBiKvoHljvzJSA88SI51gQ="
    }
  }
}
